// !$*UTF8*$!
{
	archiveVersion = 1;
	classes = {
	};
	objectVersion = 56;
	objects = {

/* Begin PBXBuildFile section */
		A9D490192BD052D800AA893F /* ViewController.m in Sources */ = {isa = PBXBuildFile; fileRef = A9D490182BD052D800AA893F /* ViewController.m */; };
		A9D4901B2BD052DD00AA893F /* Assets.xcassets in Resources */ = {isa = PBXBuildFile; fileRef = A9D4901A2BD052DD00AA893F /* Assets.xcassets */; };
		A9D4901E2BD052DD00AA893F /* Main.storyboard in Resources */ = {isa = PBXBuildFile; fileRef = A9D4901C2BD052DD00AA893F /* Main.storyboard */; };
		A9D490202BD052DD00AA893F /* main.mm in Sources */ = {isa = PBXBuildFile; fileRef = A9D4901F2BD052DD00AA893F /* main.mm */; };
		A9D490292BD053BB00AA893F /* Renderer.m in Sources */ = {isa = PBXBuildFile; fileRef = A9D490282BD053BB00AA893F /* Renderer.m */; };
		A9D4902D2BD053F700AA893F /* Shader.metal in Sources */ = {isa = PBXBuildFile; fileRef = A9D4902C2BD053F700AA893F /* Shader.metal */; };
		A9D490302BD054FB00AA893F /* Metal.framework in Frameworks */ = {isa = PBXBuildFile; fileRef = A9D4902F2BD054FB00AA893F /* Metal.framework */; };
		A9D490322BD0550B00AA893F /* Foundation.framework in Frameworks */ = {isa = PBXBuildFile; fileRef = A9D490312BD0550B00AA893F /* Foundation.framework */; };
		A9D490342BD057BE00AA893F /* MetalKit.framework in Frameworks */ = {isa = PBXBuildFile; fileRef = A9D490332BD057BE00AA893F /* MetalKit.framework */; };
		A9D490362BD057EC00AA893F /* AppKit.framework in Frameworks */ = {isa = PBXBuildFile; fileRef = A9D490352BD057EC00AA893F /* AppKit.framework */; };
/* End PBXBuildFile section */

/* Begin PBXFileReference section */
		A9D490112BD052D800AA893F /* PhysicsEngineObjC.app */ = {isa = PBXFileReference; explicitFileType = wrapper.application; includeInIndex = 0; path = PhysicsEngineObjC.app; sourceTree = BUILT_PRODUCTS_DIR; };
		A9D490172BD052D800AA893F /* ViewController.h */ = {isa = PBXFileReference; lastKnownFileType = sourcecode.c.h; path = ViewController.h; sourceTree = "<group>"; };
		A9D490182BD052D800AA893F /* ViewController.m */ = {isa = PBXFileReference; lastKnownFileType = sourcecode.c.objc; path = ViewController.m; sourceTree = "<group>"; };
		A9D4901A2BD052DD00AA893F /* Assets.xcassets */ = {isa = PBXFileReference; lastKnownFileType = folder.assetcatalog; path = Assets.xcassets; sourceTree = "<group>"; };
		A9D4901D2BD052DD00AA893F /* Base */ = {isa = PBXFileReference; lastKnownFileType = file.storyboard; name = Base; path = Base.lproj/Main.storyboard; sourceTree = "<group>"; };
		A9D4901F2BD052DD00AA893F /* main.mm */ = {isa = PBXFileReference; lastKnownFileType = sourcecode.cpp.objcpp; path = main.mm; sourceTree = "<group>"; };
		A9D490212BD052DD00AA893F /* PhysicsEngineObjC.entitlements */ = {isa = PBXFileReference; lastKnownFileType = text.plist.entitlements; path = PhysicsEngineObjC.entitlements; sourceTree = "<group>"; };
		A9D490282BD053BB00AA893F /* Renderer.m */ = {isa = PBXFileReference; lastKnownFileType = sourcecode.c.objc; path = Renderer.m; sourceTree = "<group>"; };
		A9D4902A2BD053C900AA893F /* Renderer.h */ = {isa = PBXFileReference; lastKnownFileType = sourcecode.c.h; path = Renderer.h; sourceTree = "<group>"; };
		A9D4902B2BD053E600AA893F /* ShaderTypes.h */ = {isa = PBXFileReference; lastKnownFileType = sourcecode.c.h; path = ShaderTypes.h; sourceTree = "<group>"; };
		A9D4902C2BD053F700AA893F /* Shader.metal */ = {isa = PBXFileReference; lastKnownFileType = sourcecode.metal; path = Shader.metal; sourceTree = "<group>"; };
		A9D4902F2BD054FB00AA893F /* Metal.framework */ = {isa = PBXFileReference; lastKnownFileType = wrapper.framework; name = Metal.framework; path = System/Library/Frameworks/Metal.framework; sourceTree = SDKROOT; };
		A9D490312BD0550B00AA893F /* Foundation.framework */ = {isa = PBXFileReference; lastKnownFileType = wrapper.framework; name = Foundation.framework; path = System/Library/Frameworks/Foundation.framework; sourceTree = SDKROOT; };
		A9D490332BD057BE00AA893F /* MetalKit.framework */ = {isa = PBXFileReference; lastKnownFileType = wrapper.framework; name = MetalKit.framework; path = System/Library/Frameworks/MetalKit.framework; sourceTree = SDKROOT; };
		A9D490352BD057EC00AA893F /* AppKit.framework */ = {isa = PBXFileReference; lastKnownFileType = wrapper.framework; name = AppKit.framework; path = System/Library/Frameworks/AppKit.framework; sourceTree = SDKROOT; };
		A9D490382BD0798800AA893F /* MetalToCpp.mm */ = {isa = PBXFileReference; lastKnownFileType = sourcecode.cpp.objcpp; path = MetalToCpp.mm; sourceTree = "<group>"; };
		A9D4903A2BD0799700AA893F /* MetalToCpp.h */ = {isa = PBXFileReference; lastKnownFileType = sourcecode.c.h; path = MetalToCpp.h; sourceTree = "<group>"; };
		A9D4903B2BD07B6C00AA893F /* Engine.mm */ = {isa = PBXFileReference; fileEncoding = 4; lastKnownFileType = sourcecode.cpp.objcpp; path = Engine.mm; sourceTree = "<group>"; };
		A9D4903C2BD07B6C00AA893F /* RigidBody.cpp */ = {isa = PBXFileReference; fileEncoding = 4; lastKnownFileType = sourcecode.cpp.cpp; path = RigidBody.cpp; sourceTree = "<group>"; };
		A9D4903D2BD07B6C00AA893F /* Engine.h */ = {isa = PBXFileReference; fileEncoding = 4; lastKnownFileType = sourcecode.c.h; path = Engine.h; sourceTree = "<group>"; };
		A9D4903E2BD07B6C00AA893F /* RigidBody.h */ = {isa = PBXFileReference; fileEncoding = 4; lastKnownFileType = sourcecode.c.h; path = RigidBody.h; sourceTree = "<group>"; };
/* End PBXFileReference section */

/* Begin PBXFrameworksBuildPhase section */
		A9D4900E2BD052D800AA893F /* Frameworks */ = {
			isa = PBXFrameworksBuildPhase;
			buildActionMask = 2147483647;
			files = (
				A9D490362BD057EC00AA893F /* AppKit.framework in Frameworks */,
				A9D490342BD057BE00AA893F /* MetalKit.framework in Frameworks */,
				A9D490322BD0550B00AA893F /* Foundation.framework in Frameworks */,
				A9D490302BD054FB00AA893F /* Metal.framework in Frameworks */,
			);
			runOnlyForDeploymentPostprocessing = 0;
		};
/* End PBXFrameworksBuildPhase section */

/* Begin PBXGroup section */
		A9D490082BD052D800AA893F = {
			isa = PBXGroup;
			children = (
				A9D490132BD052D800AA893F /* PhysicsEngineObjC */,
				A9D490122BD052D800AA893F /* Products */,
				A9D4902E2BD054FB00AA893F /* Frameworks */,
			);
			sourceTree = "<group>";
		};
		A9D490122BD052D800AA893F /* Products */ = {
			isa = PBXGroup;
			children = (
				A9D490112BD052D800AA893F /* PhysicsEngineObjC.app */,
			);
			name = Products;
			sourceTree = "<group>";
		};
		A9D490132BD052D800AA893F /* PhysicsEngineObjC */ = {
			isa = PBXGroup;
			children = (
				A9D4901C2BD052DD00AA893F /* Main.storyboard */,
				A9D4901F2BD052DD00AA893F /* main.mm */,
				A9D490412BD07B8400AA893F /* Application */,
				A9D490372BD0789B00AA893F /* Physics */,
				A9D490272BD053A500AA893F /* Rendering */,
				A9D4901A2BD052DD00AA893F /* Assets.xcassets */,
				A9D490212BD052DD00AA893F /* PhysicsEngineObjC.entitlements */,
			);
			path = PhysicsEngineObjC;
			sourceTree = "<group>";
		};
		A9D490272BD053A500AA893F /* Rendering */ = {
			isa = PBXGroup;
			children = (
				A9D4903A2BD0799700AA893F /* MetalToCpp.h */,
				A9D4902A2BD053C900AA893F /* Renderer.h */,
				A9D4902B2BD053E600AA893F /* ShaderTypes.h */,
				A9D490382BD0798800AA893F /* MetalToCpp.mm */,
				A9D490282BD053BB00AA893F /* Renderer.m */,
				A9D4902C2BD053F700AA893F /* Shader.metal */,
			);
			path = Rendering;
			sourceTree = "<group>";
		};
		A9D4902E2BD054FB00AA893F /* Frameworks */ = {
			isa = PBXGroup;
			children = (
				A9D490352BD057EC00AA893F /* AppKit.framework */,
				A9D490332BD057BE00AA893F /* MetalKit.framework */,
				A9D490312BD0550B00AA893F /* Foundation.framework */,
				A9D4902F2BD054FB00AA893F /* Metal.framework */,
			);
			name = Frameworks;
			sourceTree = "<group>";
		};
		A9D490372BD0789B00AA893F /* Physics */ = {
			isa = PBXGroup;
			children = (
				A9D4903D2BD07B6C00AA893F /* Engine.h */,
				A9D4903E2BD07B6C00AA893F /* RigidBody.h */,
				A9D4903B2BD07B6C00AA893F /* Engine.mm */,
				A9D4903C2BD07B6C00AA893F /* RigidBody.cpp */,
			);
			path = Physics;
			sourceTree = "<group>";
		};
		A9D490412BD07B8400AA893F /* Application */ = {
			isa = PBXGroup;
			children = (
				A9D490172BD052D800AA893F /* ViewController.h */,
				A9D490182BD052D800AA893F /* ViewController.m */,
			);
			path = Application;
			sourceTree = "<group>";
		};
/* End PBXGroup section */

/* Begin PBXNativeTarget section */
		A9D490102BD052D800AA893F /* PhysicsEngineObjC */ = {
			isa = PBXNativeTarget;
			buildConfigurationList = A9D490242BD052DD00AA893F /* Build configuration list for PBXNativeTarget "PhysicsEngineObjC" */;
			buildPhases = (
				A9D4900D2BD052D800AA893F /* Sources */,
				A9D4900E2BD052D800AA893F /* Frameworks */,
				A9D4900F2BD052D800AA893F /* Resources */,
			);
			buildRules = (
			);
			dependencies = (
			);
			name = PhysicsEngineObjC;
			productName = PhysicsEngineObjC;
			productReference = A9D490112BD052D800AA893F /* PhysicsEngineObjC.app */;
			productType = "com.apple.product-type.application";
		};
/* End PBXNativeTarget section */

/* Begin PBXProject section */
		A9D490092BD052D800AA893F /* Project object */ = {
			isa = PBXProject;
			attributes = {
				BuildIndependentTargetsInParallel = 1;
				LastUpgradeCheck = 1430;
				TargetAttributes = {
					A9D490102BD052D800AA893F = {
						CreatedOnToolsVersion = 14.3.1;
					};
				};
			};
			buildConfigurationList = A9D4900C2BD052D800AA893F /* Build configuration list for PBXProject "PhysicsEngineObjC" */;
			compatibilityVersion = "Xcode 14.0";
			developmentRegion = en;
			hasScannedForEncodings = 0;
			knownRegions = (
				en,
				Base,
			);
			mainGroup = A9D490082BD052D800AA893F;
			productRefGroup = A9D490122BD052D800AA893F /* Products */;
			projectDirPath = "";
			projectRoot = "";
			targets = (
				A9D490102BD052D800AA893F /* PhysicsEngineObjC */,
			);
		};
/* End PBXProject section */

/* Begin PBXResourcesBuildPhase section */
		A9D4900F2BD052D800AA893F /* Resources */ = {
			isa = PBXResourcesBuildPhase;
			buildActionMask = 2147483647;
			files = (
				A9D4901B2BD052DD00AA893F /* Assets.xcassets in Resources */,
				A9D4901E2BD052DD00AA893F /* Main.storyboard in Resources */,
			);
			runOnlyForDeploymentPostprocessing = 0;
		};
/* End PBXResourcesBuildPhase section */

/* Begin PBXSourcesBuildPhase section */
		A9D4900D2BD052D800AA893F /* Sources */ = {
			isa = PBXSourcesBuildPhase;
			buildActionMask = 2147483647;
			files = (
				A9D490292BD053BB00AA893F /* Renderer.m in Sources */,
				A9D490192BD052D800AA893F /* ViewController.m in Sources */,
				A9D490202BD052DD00AA893F /* main.mm in Sources */,
				A9D4902D2BD053F700AA893F /* Shader.metal in Sources */,
			);
			runOnlyForDeploymentPostprocessing = 0;
		};
/* End PBXSourcesBuildPhase section */

/* Begin PBXVariantGroup section */
		A9D4901C2BD052DD00AA893F /* Main.storyboard */ = {
			isa = PBXVariantGroup;
			children = (
				A9D4901D2BD052DD00AA893F /* Base */,
			);
			name = Main.storyboard;
			sourceTree = "<group>";
		};
/* End PBXVariantGroup section */

/* Begin XCBuildConfiguration section */
		A9D490222BD052DD00AA893F /* Debug */ = {
			isa = XCBuildConfiguration;
			buildSettings = {
				ALWAYS_SEARCH_USER_PATHS = NO;
				CLANG_ANALYZER_NONNULL = YES;
				CLANG_ANALYZER_NUMBER_OBJECT_CONVERSION = YES_AGGRESSIVE;
				CLANG_CXX_LANGUAGE_STANDARD = "gnu++20";
				CLANG_ENABLE_MODULES = YES;
				CLANG_ENABLE_OBJC_ARC = YES;
				CLANG_ENABLE_OBJC_WEAK = YES;
				CLANG_WARN_BLOCK_CAPTURE_AUTORELEASING = YES;
				CLANG_WARN_BOOL_CONVERSION = YES;
				CLANG_WARN_COMMA = YES;
				CLANG_WARN_CONSTANT_CONVERSION = YES;
				CLANG_WARN_DEPRECATED_OBJC_IMPLEMENTATIONS = YES;
				CLANG_WARN_DIRECT_OBJC_ISA_USAGE = YES_ERROR;
				CLANG_WARN_DOCUMENTATION_COMMENTS = YES;
				CLANG_WARN_EMPTY_BODY = YES;
				CLANG_WARN_ENUM_CONVERSION = YES;
				CLANG_WARN_INFINITE_RECURSION = YES;
				CLANG_WARN_INT_CONVERSION = YES;
				CLANG_WARN_NON_LITERAL_NULL_CONVERSION = YES;
				CLANG_WARN_OBJC_IMPLICIT_RETAIN_SELF = YES;
				CLANG_WARN_OBJC_LITERAL_CONVERSION = YES;
				CLANG_WARN_OBJC_ROOT_CLASS = YES_ERROR;
				CLANG_WARN_QUOTED_INCLUDE_IN_FRAMEWORK_HEADER = YES;
				CLANG_WARN_RANGE_LOOP_ANALYSIS = YES;
				CLANG_WARN_STRICT_PROTOTYPES = YES;
				CLANG_WARN_SUSPICIOUS_MOVE = YES;
				CLANG_WARN_UNGUARDED_AVAILABILITY = YES_AGGRESSIVE;
				CLANG_WARN_UNREACHABLE_CODE = YES;
				CLANG_WARN__DUPLICATE_METHOD_MATCH = YES;
				COPY_PHASE_STRIP = NO;
				DEBUG_INFORMATION_FORMAT = dwarf;
				ENABLE_STRICT_OBJC_MSGSEND = YES;
				ENABLE_TESTABILITY = YES;
				GCC_C_LANGUAGE_STANDARD = gnu11;
				GCC_DYNAMIC_NO_PIC = NO;
				GCC_NO_COMMON_BLOCKS = YES;
				GCC_OPTIMIZATION_LEVEL = 0;
				GCC_PREPROCESSOR_DEFINITIONS = (
					"DEBUG=1",
					"$(inherited)",
				);
				GCC_WARN_64_TO_32_BIT_CONVERSION = YES;
				GCC_WARN_ABOUT_RETURN_TYPE = YES_ERROR;
				GCC_WARN_UNDECLARED_SELECTOR = YES;
				GCC_WARN_UNINITIALIZED_AUTOS = YES_AGGRESSIVE;
				GCC_WARN_UNUSED_FUNCTION = YES;
				GCC_WARN_UNUSED_VARIABLE = YES;
				MACOSX_DEPLOYMENT_TARGET = 13.3;
				MTL_ENABLE_DEBUG_INFO = INCLUDE_SOURCE;
				MTL_FAST_MATH = YES;
				ONLY_ACTIVE_ARCH = YES;
				SDKROOT = macosx;
			};
			name = Debug;
		};
		A9D490232BD052DD00AA893F /* Release */ = {
			isa = XCBuildConfiguration;
			buildSettings = {
				ALWAYS_SEARCH_USER_PATHS = NO;
				CLANG_ANALYZER_NONNULL = YES;
				CLANG_ANALYZER_NUMBER_OBJECT_CONVERSION = YES_AGGRESSIVE;
				CLANG_CXX_LANGUAGE_STANDARD = "gnu++20";
				CLANG_ENABLE_MODULES = YES;
				CLANG_ENABLE_OBJC_ARC = YES;
				CLANG_ENABLE_OBJC_WEAK = YES;
				CLANG_WARN_BLOCK_CAPTURE_AUTORELEASING = YES;
				CLANG_WARN_BOOL_CONVERSION = YES;
				CLANG_WARN_COMMA = YES;
				CLANG_WARN_CONSTANT_CONVERSION = YES;
				CLANG_WARN_DEPRECATED_OBJC_IMPLEMENTATIONS = YES;
				CLANG_WARN_DIRECT_OBJC_ISA_USAGE = YES_ERROR;
				CLANG_WARN_DOCUMENTATION_COMMENTS = YES;
				CLANG_WARN_EMPTY_BODY = YES;
				CLANG_WARN_ENUM_CONVERSION = YES;
				CLANG_WARN_INFINITE_RECURSION = YES;
				CLANG_WARN_INT_CONVERSION = YES;
				CLANG_WARN_NON_LITERAL_NULL_CONVERSION = YES;
				CLANG_WARN_OBJC_IMPLICIT_RETAIN_SELF = YES;
				CLANG_WARN_OBJC_LITERAL_CONVERSION = YES;
				CLANG_WARN_OBJC_ROOT_CLASS = YES_ERROR;
				CLANG_WARN_QUOTED_INCLUDE_IN_FRAMEWORK_HEADER = YES;
				CLANG_WARN_RANGE_LOOP_ANALYSIS = YES;
				CLANG_WARN_STRICT_PROTOTYPES = YES;
				CLANG_WARN_SUSPICIOUS_MOVE = YES;
				CLANG_WARN_UNGUARDED_AVAILABILITY = YES_AGGRESSIVE;
				CLANG_WARN_UNREACHABLE_CODE = YES;
				CLANG_WARN__DUPLICATE_METHOD_MATCH = YES;
				COPY_PHASE_STRIP = NO;
				DEBUG_INFORMATION_FORMAT = "dwarf-with-dsym";
				ENABLE_NS_ASSERTIONS = NO;
				ENABLE_STRICT_OBJC_MSGSEND = YES;
				GCC_C_LANGUAGE_STANDARD = gnu11;
				GCC_NO_COMMON_BLOCKS = YES;
				GCC_WARN_64_TO_32_BIT_CONVERSION = YES;
				GCC_WARN_ABOUT_RETURN_TYPE = YES_ERROR;
				GCC_WARN_UNDECLARED_SELECTOR = YES;
				GCC_WARN_UNINITIALIZED_AUTOS = YES_AGGRESSIVE;
				GCC_WARN_UNUSED_FUNCTION = YES;
				GCC_WARN_UNUSED_VARIABLE = YES;
				MACOSX_DEPLOYMENT_TARGET = 13.3;
				MTL_ENABLE_DEBUG_INFO = NO;
				MTL_FAST_MATH = YES;
				SDKROOT = macosx;
			};
			name = Release;
		};
		A9D490252BD052DD00AA893F /* Debug */ = {
			isa = XCBuildConfiguration;
			buildSettings = {
				ASSETCATALOG_COMPILER_APPICON_NAME = AppIcon;
				ASSETCATALOG_COMPILER_GLOBAL_ACCENT_COLOR_NAME = AccentColor;
				CODE_SIGN_ENTITLEMENTS = PhysicsEngineObjC/PhysicsEngineObjC.entitlements;
				CODE_SIGN_STYLE = Automatic;
				COMBINE_HIDPI_IMAGES = YES;
				CURRENT_PROJECT_VERSION = 1;
				GENERATE_INFOPLIST_FILE = YES;
				HEADER_SEARCH_PATHS = /Users/benerobert/Downloads;
				INFOPLIST_KEY_NSHumanReadableCopyright = "";
				INFOPLIST_KEY_NSMainStoryboardFile = Main;
				INFOPLIST_KEY_NSPrincipalClass = NSApplication;
				LD_RUNPATH_SEARCH_PATHS = (
					"$(inherited)",
					"@executable_path/../Frameworks",
				);
				MARKETING_VERSION = 1.0;
				PRODUCT_BUNDLE_IDENTIFIER = "-.PhysicsEngineObjC";
				PRODUCT_NAME = "$(TARGET_NAME)";
				SWIFT_EMIT_LOC_STRINGS = YES;
			};
			name = Debug;
		};
		A9D490262BD052DD00AA893F /* Release */ = {
			isa = XCBuildConfiguration;
			buildSettings = {
				ASSETCATALOG_COMPILER_APPICON_NAME = AppIcon;
				ASSETCATALOG_COMPILER_GLOBAL_ACCENT_COLOR_NAME = AccentColor;
				CODE_SIGN_ENTITLEMENTS = PhysicsEngineObjC/PhysicsEngineObjC.entitlements;
				CODE_SIGN_STYLE = Automatic;
				COMBINE_HIDPI_IMAGES = YES;
				CURRENT_PROJECT_VERSION = 1;
				GENERATE_INFOPLIST_FILE = YES;
				HEADER_SEARCH_PATHS = /Users/benerobert/Downloads;
				INFOPLIST_KEY_NSHumanReadableCopyright = "";
				INFOPLIST_KEY_NSMainStoryboardFile = Main;
				INFOPLIST_KEY_NSPrincipalClass = NSApplication;
				LD_RUNPATH_SEARCH_PATHS = (
					"$(inherited)",
					"@executable_path/../Frameworks",
				);
				MARKETING_VERSION = 1.0;
				PRODUCT_BUNDLE_IDENTIFIER = "-.PhysicsEngineObjC";
				PRODUCT_NAME = "$(TARGET_NAME)";
				SWIFT_EMIT_LOC_STRINGS = YES;
			};
			name = Release;
		};
/* End XCBuildConfiguration section */

/* Begin XCConfigurationList section */
		A9D4900C2BD052D800AA893F /* Build configuration list for PBXProject "PhysicsEngineObjC" */ = {
			isa = XCConfigurationList;
			buildConfigurations = (
				A9D490222BD052DD00AA893F /* Debug */,
				A9D490232BD052DD00AA893F /* Release */,
			);
			defaultConfigurationIsVisible = 0;
			defaultConfigurationName = Release;
		};
		A9D490242BD052DD00AA893F /* Build configuration list for PBXNativeTarget "PhysicsEngineObjC" */ = {
			isa = XCConfigurationList;
			buildConfigurations = (
				A9D490252BD052DD00AA893F /* Debug */,
				A9D490262BD052DD00AA893F /* Release */,
			);
			defaultConfigurationIsVisible = 0;
			defaultConfigurationName = Release;
		};
/* End XCConfigurationList section */
	};
	rootObject = A9D490092BD052D800AA893F /* Project object */;
}
